github.com/shabbyrobe/wu2quant v0.0.0-20210429123814-750c8be79a83 h1:NP5QlP5aqHAQ3zKyhCC+lpASB7bVWIPmka4ERtQCKRk=
github.com/shabbyrobe/wu2quant v0.0.0-20210429123814-750c8be79a83/go.mod h1:dS0rOpz9BDVG19Ezub2iY+zbYxCHmxA90LvJcs2z/9E=
golang.org/x/image v0.0.0-20210220032944-ac19c3e999fb h1:fqpd0EBDzlHRCjiphRR5Zo/RSWWQlWv34418dnEixWk=
golang.org/x/image v0.0.0-20210220032944-ac19c3e999fb/go.mod h1:FeLwcggjj3mMvU+oOTbSwawSJRM1uh48EjtB4UJZlP0=
golang.org/x/text v0.3.0/go.mod h1:NqM8EUOU14njkJ3fqMW+pc6Ldnwhi/IjpwHt7yyuwOQ=
